{
  "name": "evenbetter-sampleplugin",
  "version": "1.0.0",
  "lockfileVersion": 3,
  "requires": true,
  "packages": {
    "": {
      "name": "evenbetter-sampleplugin",
      "version": "1.0.0",
      "license": "CC0-1.0",
      "dependencies": {
        "@bebiks/evenbetter-api": "^1.0.0"
      }
    },
    "node_modules/@bebiks/evenbetter-api": {
      "version": "1.0.0",
      "resolved": "https://registry.npmjs.org/@bebiks/evenbetter-api/-/evenbetter-api-1.0.0.tgz",
      "integrity": "sha512-NHzPSwH0eZDI0w6+x1F8JHjD6WMmN/BWpqKFw2/V54cPcVkXRaA+USVnGafKCSoNwqAurUXBZTzkuemy5oPA0g==",
      "dependencies": {
        "@caido/sdk-frontend": "^0.35.0"
      },
      "peerDependencies": {
        "typescript": "^5.0.0"
      }
    },
    "node_modules/@caido/sdk-frontend": {
      "version": "0.35.0",
      "resolved": "https://registry.npmjs.org/@caido/sdk-frontend/-/sdk-frontend-0.35.0.tgz",
      "integrity": "sha512-n+UPqnWKQJ3YYwGJTH8q4Xr3UZIi9nNlJB50+9JQkzS/8M5GEiccEF7vEIgSsgmqRsBOFCfYCAnvIcLY5kSQ8A=="
    },
    "node_modules/typescript": {
      "version": "5.4.5",
      "resolved": "https://registry.npmjs.org/typescript/-/typescript-5.4.5.tgz",
      "integrity": "sha512-vcI4UpRgg81oIRUFwR0WSIHKt11nJ7SAVlYNIu+QpqeyXP+gpQJy/Z4+F0aGxSE4MqwjyXvW/TzgkLAx2AGHwQ==",
      "peer": true,
      "bin": {
        "tsc": "bin/tsc",
        "tsserver": "bin/tsserver"
      },
      "engines": {
        "node": ">=14.17"
      }
    }
  }
}
